
Microsoft Visual Studio Solution File, Format Version 12.00
# Visual Studio Version 17
VisualStudioVersion = 17.3.32929.385
MinimumVisualStudioVersion = 10.0.40219.1
Project("{9A19103F-16F7-4668-BE54-9A1E7A4F7556}") = "UpSchool_.NETCore", "UpSchool_.NETCore\UpSchool_.NETCore.csproj", "{A537CB6C-4BC3-4568-ABB5-0AB94F5D20C5}"
EndProject
Project("{FAE04EC0-301F-11D3-BF4B-00C04F79EFBC}") = "UpSchool.EntityLayer", "UpSchool.EntityLayer\UpSchool.EntityLayer.csproj", "{19872085-9AA0-48D5-84A8-81576BA2D59E}"
EndProject
Project("{FAE04EC0-301F-11D3-BF4B-00C04F79EFBC}") = "UpSchool.DataAccessLayer", "UpSchool.DataAccessLayer\UpSchool.DataAccessLayer.csproj", "{3ADFAF98-E881-4234-878F-914771924BAA}"
EndProject
Project("{FAE04EC0-301F-11D3-BF4B-00C04F79EFBC}") = "UpSchool.BusinessLayer", "UpSchool.BusinessLayer\UpSchool.BusinessLayer.csproj", "{14A77D88-4EB9-44A0-AE52-DE6AC45514B6}"
EndProject
Global
	GlobalSection(SolutionConfigurationPlatforms) = preSolution
		Debug|Any CPU = Debug|Any CPU
		Release|Any CPU = Release|Any CPU
	EndGlobalSection
	GlobalSection(ProjectConfigurationPlatforms) = postSolution
		{A537CB6C-4BC3-4568-ABB5-0AB94F5D20C5}.Debug|Any CPU.ActiveCfg = Debug|Any CPU
		{A537CB6C-4BC3-4568-ABB5-0AB94F5D20C5}.Debug|Any CPU.Build.0 = Debug|Any CPU
		{A537CB6C-4BC3-4568-ABB5-0AB94F5D20C5}.Release|Any CPU.ActiveCfg = Release|Any CPU
		{A537CB6C-4BC3-4568-ABB5-0AB94F5D20C5}.Release|Any CPU.Build.0 = Release|Any CPU
		{19872085-9AA0-48D5-84A8-81576BA2D59E}.Debug|Any CPU.ActiveCfg = Debug|Any CPU
		{19872085-9AA0-48D5-84A8-81576BA2D59E}.Debug|Any CPU.Build.0 = Debug|Any CPU
		{19872085-9AA0-48D5-84A8-81576BA2D59E}.Release|Any CPU.ActiveCfg = Release|Any CPU
		{19872085-9AA0-48D5-84A8-81576BA2D59E}.Release|Any CPU.Build.0 = Release|Any CPU
		{3ADFAF98-E881-4234-878F-914771924BAA}.Debug|Any CPU.ActiveCfg = Debug|Any CPU
		{3ADFAF98-E881-4234-878F-914771924BAA}.Debug|Any CPU.Build.0 = Debug|Any CPU
		{3ADFAF98-E881-4234-878F-914771924BAA}.Release|Any CPU.ActiveCfg = Release|Any CPU
		{3ADFAF98-E881-4234-878F-914771924BAA}.Release|Any CPU.Build.0 = Release|Any CPU
		{14A77D88-4EB9-44A0-AE52-DE6AC45514B6}.Debug|Any CPU.ActiveCfg = Debug|Any CPU
		{14A77D88-4EB9-44A0-AE52-DE6AC45514B6}.Debug|Any CPU.Build.0 = Debug|Any CPU
		{14A77D88-4EB9-44A0-AE52-DE6AC45514B6}.Release|Any CPU.ActiveCfg = Release|Any CPU
		{14A77D88-4EB9-44A0-AE52-DE6AC45514B6}.Release|Any CPU.Build.0 = Release|Any CPU
	EndGlobalSection
	GlobalSection(SolutionProperties) = preSolution
		HideSolutionNode = FALSE
	EndGlobalSection
	GlobalSection(ExtensibilityGlobals) = postSolution
		SolutionGuid = {EF58930E-4C22-43E9-B0F1-9CC024C5F49C}
	EndGlobalSection
EndGlobal
